
Microsoft Visual Studio Solution File, Format Version 12.00
# Visual Studio Version 16
VisualStudioVersion = 16.0.28803.202
MinimumVisualStudioVersion = 10.0.40219.1
Project("{FAE04EC0-301F-11D3-BF4B-00C04F79EFBC}") = "InsuranceQuotesMVC", "InsuranceQuotesMVC\InsuranceQuotesMVC.csproj", "{62C3FDDE-0034-4CEE-8D79-59B8E6E5F9C7}"
EndProject
Global
	GlobalSection(SolutionConfigurationPlatforms) = preSolution
		Debug|Any CPU = Debug|Any CPU
		Release|Any CPU = Release|Any CPU
	EndGlobalSection
	GlobalSection(ProjectConfigurationPlatforms) = postSolution
		{62C3FDDE-0034-4CEE-8D79-59B8E6E5F9C7}.Debug|Any CPU.ActiveCfg = Debug|Any CPU
		{62C3FDDE-0034-4CEE-8D79-59B8E6E5F9C7}.Debug|Any CPU.Build.0 = Debug|Any CPU
		{62C3FDDE-0034-4CEE-8D79-59B8E6E5F9C7}.Release|Any CPU.ActiveCfg = Release|Any CPU
		{62C3FDDE-0034-4CEE-8D79-59B8E6E5F9C7}.Release|Any CPU.Build.0 = Release|Any CPU
	EndGlobalSection
	GlobalSection(SolutionProperties) = preSolution
		HideSolutionNode = FALSE
	EndGlobalSection
	GlobalSection(ExtensibilityGlobals) = postSolution
		SolutionGuid = {FCDC3A95-73AE-4C00-AF14-FCDEE2FA7CFA}
	EndGlobalSection
EndGlobal
